---
- hosts: "{{ target }}"
  gather_facts: no
  vars_prompt:
    - name: "target"
      prompt: "Which host or group would you like to assign"
      private: no
      default: "Default: empty"
  tasks:
    - name: "Get the block number of {{ node_name }}"
      shell: "{{ node_bin }} attach {{ node_exec }}"
      register: blocknumber

    - name: "Print the block number of {{ node_name }}"
      debug:
        msg: "{{ blocknumber.stdout }}"
